
Microsoft Visual Studio Solution File, Format Version 12.00
# Visual Studio Version 16
VisualStudioVersion = 16.0.31112.23
MinimumVisualStudioVersion = 10.0.40219.1
Project("{FAE04EC0-301F-11D3-BF4B-00C04F79EFBC}") = "AzureWebApplication", "AzureWebApplication\AzureWebApplication.csproj", "{CA61DDFF-9E5C-4A77-808B-848006A5E439}"
EndProject
Global
	GlobalSection(SolutionConfigurationPlatforms) = preSolution
		Debug|Any CPU = Debug|Any CPU
		Release|Any CPU = Release|Any CPU
	EndGlobalSection
	GlobalSection(ProjectConfigurationPlatforms) = postSolution
		{CA61DDFF-9E5C-4A77-808B-848006A5E439}.Debug|Any CPU.ActiveCfg = Debug|Any CPU
		{CA61DDFF-9E5C-4A77-808B-848006A5E439}.Debug|Any CPU.Build.0 = Debug|Any CPU
		{CA61DDFF-9E5C-4A77-808B-848006A5E439}.Release|Any CPU.ActiveCfg = Release|Any CPU
		{CA61DDFF-9E5C-4A77-808B-848006A5E439}.Release|Any CPU.Build.0 = Release|Any CPU
	EndGlobalSection
	GlobalSection(SolutionProperties) = preSolution
		HideSolutionNode = FALSE
	EndGlobalSection
	GlobalSection(ExtensibilityGlobals) = postSolution
		SolutionGuid = {8D62BC90-2E9D-468D-B04E-663CE1194B03}
	EndGlobalSection
EndGlobal
